
Microsoft Visual Studio Solution File, Format Version 12.00
# Visual Studio 2013
VisualStudioVersion = 12.0.31101.0
MinimumVisualStudioVersion = 10.0.40219.1
Project("{F184B08F-C81C-45F6-A57F-5ABD9991F28F}") = "AMA", "AMA\AMA.vbproj", "{D7ECE4C3-1385-4CAF-ACAA-622E87DD281F}"
EndProject
Project("{54435603-DBB4-11D2-8724-00A0C9A8B90C}") = "Installer", "Installer\Installer.vdproj", "{B6458DA6-A59D-45DD-9DEF-890686A2E818}"
EndProject
Global
	GlobalSection(SolutionConfigurationPlatforms) = preSolution
		Debug|Any CPU = Debug|Any CPU
		Release|Any CPU = Release|Any CPU
	EndGlobalSection
	GlobalSection(ProjectConfigurationPlatforms) = postSolution
		{D7ECE4C3-1385-4CAF-ACAA-622E87DD281F}.Debug|Any CPU.ActiveCfg = Debug|Any CPU
		{D7ECE4C3-1385-4CAF-ACAA-622E87DD281F}.Debug|Any CPU.Build.0 = Debug|Any CPU
		{D7ECE4C3-1385-4CAF-ACAA-622E87DD281F}.Release|Any CPU.ActiveCfg = Release|Any CPU
		{D7ECE4C3-1385-4CAF-ACAA-622E87DD281F}.Release|Any CPU.Build.0 = Release|Any CPU
		{B6458DA6-A59D-45DD-9DEF-890686A2E818}.Debug|Any CPU.ActiveCfg = Debug
		{B6458DA6-A59D-45DD-9DEF-890686A2E818}.Release|Any CPU.ActiveCfg = Release
	EndGlobalSection
	GlobalSection(SolutionProperties) = preSolution
		HideSolutionNode = FALSE
	EndGlobalSection
EndGlobal
